
Microsoft Visual Studio Solution File, Format Version 12.00
# Visual Studio Version 16
VisualStudioVersion = 16.0.29709.97
MinimumVisualStudioVersion = 10.0.40219.1
Project("{FAE04EC0-301F-11D3-BF4B-00C04F79EFBC}") = "SmartFarm", "WindowsFormsApp1\SmartFarm.csproj", "{72C50A6A-6389-4AFB-B409-8F751903FE4D}"
EndProject
Global
	GlobalSection(SolutionConfigurationPlatforms) = preSolution
		Debug|Any CPU = Debug|Any CPU
		Release|Any CPU = Release|Any CPU
	EndGlobalSection
	GlobalSection(ProjectConfigurationPlatforms) = postSolution
		{72C50A6A-6389-4AFB-B409-8F751903FE4D}.Debug|Any CPU.ActiveCfg = Debug|Any CPU
		{72C50A6A-6389-4AFB-B409-8F751903FE4D}.Debug|Any CPU.Build.0 = Debug|Any CPU
		{72C50A6A-6389-4AFB-B409-8F751903FE4D}.Release|Any CPU.ActiveCfg = Release|Any CPU
		{72C50A6A-6389-4AFB-B409-8F751903FE4D}.Release|Any CPU.Build.0 = Release|Any CPU
	EndGlobalSection
	GlobalSection(SolutionProperties) = preSolution
		HideSolutionNode = FALSE
	EndGlobalSection
	GlobalSection(ExtensibilityGlobals) = postSolution
		SolutionGuid = {B8190180-FC60-4F2B-94C1-56F4CED41002}
	EndGlobalSection
EndGlobal
